Microsoft Visual Studio Solution File, Format Version 12.00
# Visual Studio Version 16
VisualStudioVersion = 16.0.29905.134
MinimumVisualStudioVersion = 10.0.40219.1
Project("{8BC9CEB8-8B4A-11D0-8D11-00A0C91BC942}") = "C1101101Q01", "C1101101Q01\C1101101Q01.vcxproj", "{AB480D9E-6A62-4C56-B887-9D14640295D6}"
EndProject
Project("{8BC9CEB8-8B4A-11D0-8D11-00A0C91BC942}") = "C1101101Q02", "C1101101Q02\C1101101Q02.vcxproj", "{A406E1AF-6D62-416C-8222-B0E7A444D9AB}"
EndProject
Global
	GlobalSection(SolutionConfigurationPlatforms) = preSolution
		Debug|x64 = Debug|x64
		Debug|x86 = Debug|x86
		Release|x64 = Release|x64
		Release|x86 = Release|x86
	EndGlobalSection
	GlobalSection(ProjectConfigurationPlatforms) = postSolution
		{AB480D9E-6A62-4C56-B887-9D14640295D6}.Debug|x64.ActiveCfg = Debug|x64
		{AB480D9E-6A62-4C56-B887-9D14640295D6}.Debug|x64.Build.0 = Debug|x64
		{AB480D9E-6A62-4C56-B887-9D14640295D6}.Debug|x86.ActiveCfg = Debug|Win32
		{AB480D9E-6A62-4C56-B887-9D14640295D6}.Debug|x86.Build.0 = Debug|Win32
		{AB480D9E-6A62-4C56-B887-9D14640295D6}.Release|x64.ActiveCfg = Release|x64
		{AB480D9E-6A62-4C56-B887-9D14640295D6}.Release|x64.Build.0 = Release|x64
		{AB480D9E-6A62-4C56-B887-9D14640295D6}.Release|x86.ActiveCfg = Release|Win32
		{AB480D9E-6A62-4C56-B887-9D14640295D6}.Release|x86.Build.0 = Release|Win32
		{A406E1AF-6D62-416C-8222-B0E7A444D9AB}.Debug|x64.ActiveCfg = Debug|x64
		{A406E1AF-6D62-416C-8222-B0E7A444D9AB}.Debug|x64.Build.0 = Debug|x64
		{A406E1AF-6D62-416C-8222-B0E7A444D9AB}.Debug|x86.ActiveCfg = Debug|Win32
		{A406E1AF-6D62-416C-8222-B0E7A444D9AB}.Debug|x86.Build.0 = Debug|Win32
		{A406E1AF-6D62-416C-8222-B0E7A444D9AB}.Release|x64.ActiveCfg = Release|x64
		{A406E1AF-6D62-416C-8222-B0E7A444D9AB}.Release|x64.Build.0 = Release|x64
		{A406E1AF-6D62-416C-8222-B0E7A444D9AB}.Release|x86.ActiveCfg = Release|Win32
		{A406E1AF-6D62-416C-8222-B0E7A444D9AB}.Release|x86.Build.0 = Release|Win32
	EndGlobalSection
	GlobalSection(SolutionProperties) = preSolution
		HideSolutionNode = FALSE
	EndGlobalSection
	GlobalSection(ExtensibilityGlobals) = postSolution
		SolutionGuid = {22E2CCA0-F644-4B1A-9F6B-CF4916987E8E}
	EndGlobalSection
EndGlobal
