Microsoft Visual Studio Solution File, Format Version 12.00
# Visual Studio Version 16
VisualStudioVersion = 16.0.29905.134
MinimumVisualStudioVersion = 10.0.40219.1
Project("{8BC9CEB8-8B4A-11D0-8D11-00A0C91BC942}") = "C109100801", "C109100801\C109100801.vcxproj", "{8A19C4F9-7F44-4B65-BDD0-4641F738F7E5}"
EndProject
Project("{8BC9CEB8-8B4A-11D0-8D11-00A0C91BC942}") = "C109100802", "C109100802\C109100802.vcxproj", "{0972BA73-1469-4BC1-B1DE-0930E5FF0CC1}"
EndProject
Project("{8BC9CEB8-8B4A-11D0-8D11-00A0C91BC942}") = "C109100803", "C109100803\C109100803.vcxproj", "{A9EC41C2-7B38-4DBA-8225-C4BCBDF6ABF6}"
EndProject
Project("{8BC9CEB8-8B4A-11D0-8D11-00A0C91BC942}") = "C109100804", "C109100804\C109100804.vcxproj", "{6DFCAF09-48F2-4AA7-BA75-1D7A1255C57F}"
EndProject
Project("{8BC9CEB8-8B4A-11D0-8D11-00A0C91BC942}") = "C109100805", "C109100805\C109100805.vcxproj", "{33DCDBEB-DE0E-464B-A446-0825764E8F3B}"
EndProject
Global
	GlobalSection(SolutionConfigurationPlatforms) = preSolution
		Debug|x64 = Debug|x64
		Debug|x86 = Debug|x86
		Release|x64 = Release|x64
		Release|x86 = Release|x86
	EndGlobalSection
	GlobalSection(ProjectConfigurationPlatforms) = postSolution
		{8A19C4F9-7F44-4B65-BDD0-4641F738F7E5}.Debug|x64.ActiveCfg = Debug|x64
		{8A19C4F9-7F44-4B65-BDD0-4641F738F7E5}.Debug|x64.Build.0 = Debug|x64
		{8A19C4F9-7F44-4B65-BDD0-4641F738F7E5}.Debug|x86.ActiveCfg = Debug|Win32
		{8A19C4F9-7F44-4B65-BDD0-4641F738F7E5}.Debug|x86.Build.0 = Debug|Win32
		{8A19C4F9-7F44-4B65-BDD0-4641F738F7E5}.Release|x64.ActiveCfg = Release|x64
		{8A19C4F9-7F44-4B65-BDD0-4641F738F7E5}.Release|x64.Build.0 = Release|x64
		{8A19C4F9-7F44-4B65-BDD0-4641F738F7E5}.Release|x86.ActiveCfg = Release|Win32
		{8A19C4F9-7F44-4B65-BDD0-4641F738F7E5}.Release|x86.Build.0 = Release|Win32
		{0972BA73-1469-4BC1-B1DE-0930E5FF0CC1}.Debug|x64.ActiveCfg = Debug|x64
		{0972BA73-1469-4BC1-B1DE-0930E5FF0CC1}.Debug|x64.Build.0 = Debug|x64
		{0972BA73-1469-4BC1-B1DE-0930E5FF0CC1}.Debug|x86.ActiveCfg = Debug|Win32
		{0972BA73-1469-4BC1-B1DE-0930E5FF0CC1}.Debug|x86.Build.0 = Debug|Win32
		{0972BA73-1469-4BC1-B1DE-0930E5FF0CC1}.Release|x64.ActiveCfg = Release|x64
		{0972BA73-1469-4BC1-B1DE-0930E5FF0CC1}.Release|x64.Build.0 = Release|x64
		{0972BA73-1469-4BC1-B1DE-0930E5FF0CC1}.Release|x86.ActiveCfg = Release|Win32
		{0972BA73-1469-4BC1-B1DE-0930E5FF0CC1}.Release|x86.Build.0 = Release|Win32
		{A9EC41C2-7B38-4DBA-8225-C4BCBDF6ABF6}.Debug|x64.ActiveCfg = Debug|x64
		{A9EC41C2-7B38-4DBA-8225-C4BCBDF6ABF6}.Debug|x64.Build.0 = Debug|x64
		{A9EC41C2-7B38-4DBA-8225-C4BCBDF6ABF6}.Debug|x86.ActiveCfg = Debug|Win32
		{A9EC41C2-7B38-4DBA-8225-C4BCBDF6ABF6}.Debug|x86.Build.0 = Debug|Win32
		{A9EC41C2-7B38-4DBA-8225-C4BCBDF6ABF6}.Release|x64.ActiveCfg = Release|x64
		{A9EC41C2-7B38-4DBA-8225-C4BCBDF6ABF6}.Release|x64.Build.0 = Release|x64
		{A9EC41C2-7B38-4DBA-8225-C4BCBDF6ABF6}.Release|x86.ActiveCfg = Release|Win32
		{A9EC41C2-7B38-4DBA-8225-C4BCBDF6ABF6}.Release|x86.Build.0 = Release|Win32
		{6DFCAF09-48F2-4AA7-BA75-1D7A1255C57F}.Debug|x64.ActiveCfg = Debug|x64
		{6DFCAF09-48F2-4AA7-BA75-1D7A1255C57F}.Debug|x64.Build.0 = Debug|x64
		{6DFCAF09-48F2-4AA7-BA75-1D7A1255C57F}.Debug|x86.ActiveCfg = Debug|Win32
		{6DFCAF09-48F2-4AA7-BA75-1D7A1255C57F}.Debug|x86.Build.0 = Debug|Win32
		{6DFCAF09-48F2-4AA7-BA75-1D7A1255C57F}.Release|x64.ActiveCfg = Release|x64
		{6DFCAF09-48F2-4AA7-BA75-1D7A1255C57F}.Release|x64.Build.0 = Release|x64
		{6DFCAF09-48F2-4AA7-BA75-1D7A1255C57F}.Release|x86.ActiveCfg = Release|Win32
		{6DFCAF09-48F2-4AA7-BA75-1D7A1255C57F}.Release|x86.Build.0 = Release|Win32
		{33DCDBEB-DE0E-464B-A446-0825764E8F3B}.Debug|x64.ActiveCfg = Debug|x64
		{33DCDBEB-DE0E-464B-A446-0825764E8F3B}.Debug|x64.Build.0 = Debug|x64
		{33DCDBEB-DE0E-464B-A446-0825764E8F3B}.Debug|x86.ActiveCfg = Debug|Win32
		{33DCDBEB-DE0E-464B-A446-0825764E8F3B}.Debug|x86.Build.0 = Debug|Win32
		{33DCDBEB-DE0E-464B-A446-0825764E8F3B}.Release|x64.ActiveCfg = Release|x64
		{33DCDBEB-DE0E-464B-A446-0825764E8F3B}.Release|x64.Build.0 = Release|x64
		{33DCDBEB-DE0E-464B-A446-0825764E8F3B}.Release|x86.ActiveCfg = Release|Win32
		{33DCDBEB-DE0E-464B-A446-0825764E8F3B}.Release|x86.Build.0 = Release|Win32
	EndGlobalSection
	GlobalSection(SolutionProperties) = preSolution
		HideSolutionNode = FALSE
	EndGlobalSection
	GlobalSection(ExtensibilityGlobals) = postSolution
		SolutionGuid = {E4B05FA4-B18D-432F-B40A-D55B04A93E98}
	EndGlobalSection
EndGlobal
