Microsoft Visual Studio Solution File, Format Version 12.00
# Visual Studio Version 16
VisualStudioVersion = 16.0.29905.134
MinimumVisualStudioVersion = 10.0.40219.1
Project("{8BC9CEB8-8B4A-11D0-8D11-00A0C91BC942}") = "C109120302", "C109120302\C109120302.vcxproj", "{0DDD8E6E-16CB-49AA-852D-9AB39EB00A75}"
EndProject
Project("{8BC9CEB8-8B4A-11D0-8D11-00A0C91BC942}") = "C109120301", "C109120301\C109120301.vcxproj", "{192F0D7B-22D5-4CB8-9ED4-14581D4DE886}"
EndProject
Global
	GlobalSection(SolutionConfigurationPlatforms) = preSolution
		Debug|x64 = Debug|x64
		Debug|x86 = Debug|x86
		Release|x64 = Release|x64
		Release|x86 = Release|x86
	EndGlobalSection
	GlobalSection(ProjectConfigurationPlatforms) = postSolution
		{0DDD8E6E-16CB-49AA-852D-9AB39EB00A75}.Debug|x64.ActiveCfg = Debug|x64
		{0DDD8E6E-16CB-49AA-852D-9AB39EB00A75}.Debug|x64.Build.0 = Debug|x64
		{0DDD8E6E-16CB-49AA-852D-9AB39EB00A75}.Debug|x86.ActiveCfg = Debug|Win32
		{0DDD8E6E-16CB-49AA-852D-9AB39EB00A75}.Debug|x86.Build.0 = Debug|Win32
		{0DDD8E6E-16CB-49AA-852D-9AB39EB00A75}.Release|x64.ActiveCfg = Release|x64
		{0DDD8E6E-16CB-49AA-852D-9AB39EB00A75}.Release|x64.Build.0 = Release|x64
		{0DDD8E6E-16CB-49AA-852D-9AB39EB00A75}.Release|x86.ActiveCfg = Release|Win32
		{0DDD8E6E-16CB-49AA-852D-9AB39EB00A75}.Release|x86.Build.0 = Release|Win32
		{192F0D7B-22D5-4CB8-9ED4-14581D4DE886}.Debug|x64.ActiveCfg = Debug|x64
		{192F0D7B-22D5-4CB8-9ED4-14581D4DE886}.Debug|x64.Build.0 = Debug|x64
		{192F0D7B-22D5-4CB8-9ED4-14581D4DE886}.Debug|x86.ActiveCfg = Debug|Win32
		{192F0D7B-22D5-4CB8-9ED4-14581D4DE886}.Debug|x86.Build.0 = Debug|Win32
		{192F0D7B-22D5-4CB8-9ED4-14581D4DE886}.Release|x64.ActiveCfg = Release|x64
		{192F0D7B-22D5-4CB8-9ED4-14581D4DE886}.Release|x64.Build.0 = Release|x64
		{192F0D7B-22D5-4CB8-9ED4-14581D4DE886}.Release|x86.ActiveCfg = Release|Win32
		{192F0D7B-22D5-4CB8-9ED4-14581D4DE886}.Release|x86.Build.0 = Release|Win32
	EndGlobalSection
	GlobalSection(SolutionProperties) = preSolution
		HideSolutionNode = FALSE
	EndGlobalSection
	GlobalSection(ExtensibilityGlobals) = postSolution
		SolutionGuid = {8F7304D6-AE7E-4F5F-B9A8-FF4A99F57428}
	EndGlobalSection
EndGlobal
