Microsoft Visual Studio Solution File, Format Version 12.00
# Visual Studio Version 16
VisualStudioVersion = 16.0.29905.134
MinimumVisualStudioVersion = 10.0.40219.1
Project("{8BC9CEB8-8B4A-11D0-8D11-00A0C91BC942}") = "C1111205Q01", "C1111205Q01\C1111205Q01.vcxproj", "{08DAD5E1-4AD4-42B9-856A-58C1C9692E5D}"
EndProject
Project("{8BC9CEB8-8B4A-11D0-8D11-00A0C91BC942}") = "C1111205Q02", "C1111205Q02\C1111205Q02.vcxproj", "{08DAD5F6-E6AC-4350-8A29-F95031C5BC0D}"
EndProject
Project("{8BC9CEB8-8B4A-11D0-8D11-00A0C91BC942}") = "C1111205Q03", "C1111205Q03\C1111205Q03.vcxproj", "{08DAD5F7-0477-4916-82EB-3486B0D8263E}"
EndProject
Project("{8BC9CEB8-8B4A-11D0-8D11-00A0C91BC942}") = "C1111205Q04", "C1111205Q04\C1111205Q04.vcxproj", "{08DAD5F7-10C1-44F7-87A5-B281F39F5FE4}"
EndProject
Project("{8BC9CEB8-8B4A-11D0-8D11-00A0C91BC942}") = "C1111205Q05", "C1111205Q05\C1111205Q05.vcxproj", "{08DAD5F7-1D15-4309-8886-06D8088A24B1}"
EndProject
Global
	GlobalSection(SolutionConfigurationPlatforms) = preSolution
		Debug|x64 = Debug|x64
		Debug|x86 = Debug|x86
		Release|x64 = Release|x64
		Release|x86 = Release|x86
	EndGlobalSection
	GlobalSection(ProjectConfigurationPlatforms) = postSolution
		{08DAD5E1-4AD4-42B9-856A-58C1C9692E5D}.Debug|x64.ActiveCfg = Debug|x64
		{08DAD5E1-4AD4-42B9-856A-58C1C9692E5D}.Debug|x64.Build.0 = Debug|x64
		{08DAD5E1-4AD4-42B9-856A-58C1C9692E5D}.Debug|x86.ActiveCfg = Debug|Win32
		{08DAD5E1-4AD4-42B9-856A-58C1C9692E5D}.Debug|x86.Build.0 = Debug|Win32
		{08DAD5E1-4AD4-42B9-856A-58C1C9692E5D}.Release|x64.ActiveCfg = Release|x64
		{08DAD5E1-4AD4-42B9-856A-58C1C9692E5D}.Release|x64.Build.0 = Release|x64
		{08DAD5E1-4AD4-42B9-856A-58C1C9692E5D}.Release|x86.ActiveCfg = Release|Win32
		{08DAD5E1-4AD4-42B9-856A-58C1C9692E5D}.Release|x86.Build.0 = Release|Win32
		{08DAD5F6-E6AC-4350-8A29-F95031C5BC0D}.Debug|x64.ActiveCfg = Debug|x64
		{08DAD5F6-E6AC-4350-8A29-F95031C5BC0D}.Debug|x64.Build.0 = Debug|x64
		{08DAD5F6-E6AC-4350-8A29-F95031C5BC0D}.Debug|x86.ActiveCfg = Debug|Win32
		{08DAD5F6-E6AC-4350-8A29-F95031C5BC0D}.Debug|x86.Build.0 = Debug|Win32
		{08DAD5F6-E6AC-4350-8A29-F95031C5BC0D}.Release|x64.ActiveCfg = Release|x64
		{08DAD5F6-E6AC-4350-8A29-F95031C5BC0D}.Release|x64.Build.0 = Release|x64
		{08DAD5F6-E6AC-4350-8A29-F95031C5BC0D}.Release|x86.ActiveCfg = Release|Win32
		{08DAD5F6-E6AC-4350-8A29-F95031C5BC0D}.Release|x86.Build.0 = Release|Win32
		{08DAD5F7-0477-4916-82EB-3486B0D8263E}.Debug|x64.ActiveCfg = Debug|x64
		{08DAD5F7-0477-4916-82EB-3486B0D8263E}.Debug|x64.Build.0 = Debug|x64
		{08DAD5F7-0477-4916-82EB-3486B0D8263E}.Debug|x86.ActiveCfg = Debug|Win32
		{08DAD5F7-0477-4916-82EB-3486B0D8263E}.Debug|x86.Build.0 = Debug|Win32
		{08DAD5F7-0477-4916-82EB-3486B0D8263E}.Release|x64.ActiveCfg = Release|x64
		{08DAD5F7-0477-4916-82EB-3486B0D8263E}.Release|x64.Build.0 = Release|x64
		{08DAD5F7-0477-4916-82EB-3486B0D8263E}.Release|x86.ActiveCfg = Release|Win32
		{08DAD5F7-0477-4916-82EB-3486B0D8263E}.Release|x86.Build.0 = Release|Win32
		{08DAD5F7-10C1-44F7-87A5-B281F39F5FE4}.Debug|x64.ActiveCfg = Debug|x64
		{08DAD5F7-10C1-44F7-87A5-B281F39F5FE4}.Debug|x64.Build.0 = Debug|x64
		{08DAD5F7-10C1-44F7-87A5-B281F39F5FE4}.Debug|x86.ActiveCfg = Debug|Win32
		{08DAD5F7-10C1-44F7-87A5-B281F39F5FE4}.Debug|x86.Build.0 = Debug|Win32
		{08DAD5F7-10C1-44F7-87A5-B281F39F5FE4}.Release|x64.ActiveCfg = Release|x64
		{08DAD5F7-10C1-44F7-87A5-B281F39F5FE4}.Release|x64.Build.0 = Release|x64
		{08DAD5F7-10C1-44F7-87A5-B281F39F5FE4}.Release|x86.ActiveCfg = Release|Win32
		{08DAD5F7-10C1-44F7-87A5-B281F39F5FE4}.Release|x86.Build.0 = Release|Win32
		{08DAD5F7-1D15-4309-8886-06D8088A24B1}.Debug|x64.ActiveCfg = Debug|x64
		{08DAD5F7-1D15-4309-8886-06D8088A24B1}.Debug|x64.Build.0 = Debug|x64
		{08DAD5F7-1D15-4309-8886-06D8088A24B1}.Debug|x86.ActiveCfg = Debug|Win32
		{08DAD5F7-1D15-4309-8886-06D8088A24B1}.Debug|x86.Build.0 = Debug|Win32
		{08DAD5F7-1D15-4309-8886-06D8088A24B1}.Release|x64.ActiveCfg = Release|x64
		{08DAD5F7-1D15-4309-8886-06D8088A24B1}.Release|x64.Build.0 = Release|x64
		{08DAD5F7-1D15-4309-8886-06D8088A24B1}.Release|x86.ActiveCfg = Release|Win32
		{08DAD5F7-1D15-4309-8886-06D8088A24B1}.Release|x86.Build.0 = Release|Win32
	EndGlobalSection
	GlobalSection(SolutionProperties) = preSolution
		HideSolutionNode = FALSE
	EndGlobalSection
	GlobalSection(ExtensibilityGlobals) = postSolution
		SolutionGuid = {D158DF9B-DE1B-4D3F-BFD5-EC20F9146A01}
	EndGlobalSection
EndGlobal
