Microsoft Visual Studio Solution File, Format Version 12.00
# Visual Studio Version 16
VisualStudioVersion = 16.0.29905.134
MinimumVisualStudioVersion = 10.0.40219.1
Project("{8BC9CEB8-8B4A-11D0-8D11-00A0C91BC942}") = "C1111212Q01", "C1111212Q01\C1111212Q01.vcxproj", "{08DADAD4-CF68-4D52-8E65-976B37DF23D4}"
EndProject
Project("{8BC9CEB8-8B4A-11D0-8D11-00A0C91BC942}") = "C1111212Q02", "C1111212Q02\C1111212Q02.vcxproj", "{08DADAD4-FBD3-47D8-8D22-CE8270EE753C}"
EndProject
Global
	GlobalSection(SolutionConfigurationPlatforms) = preSolution
		Debug|x64 = Debug|x64
		Debug|x86 = Debug|x86
		Release|x64 = Release|x64
		Release|x86 = Release|x86
	EndGlobalSection
	GlobalSection(ProjectConfigurationPlatforms) = postSolution
		{08DADAD4-CF68-4D52-8E65-976B37DF23D4}.Debug|x64.ActiveCfg = Debug|x64
		{08DADAD4-CF68-4D52-8E65-976B37DF23D4}.Debug|x64.Build.0 = Debug|x64
		{08DADAD4-CF68-4D52-8E65-976B37DF23D4}.Debug|x86.ActiveCfg = Debug|Win32
		{08DADAD4-CF68-4D52-8E65-976B37DF23D4}.Debug|x86.Build.0 = Debug|Win32
		{08DADAD4-CF68-4D52-8E65-976B37DF23D4}.Release|x64.ActiveCfg = Release|x64
		{08DADAD4-CF68-4D52-8E65-976B37DF23D4}.Release|x64.Build.0 = Release|x64
		{08DADAD4-CF68-4D52-8E65-976B37DF23D4}.Release|x86.ActiveCfg = Release|Win32
		{08DADAD4-CF68-4D52-8E65-976B37DF23D4}.Release|x86.Build.0 = Release|Win32
		{08DADAD4-FBD3-47D8-8D22-CE8270EE753C}.Debug|x64.ActiveCfg = Debug|x64
		{08DADAD4-FBD3-47D8-8D22-CE8270EE753C}.Debug|x64.Build.0 = Debug|x64
		{08DADAD4-FBD3-47D8-8D22-CE8270EE753C}.Debug|x86.ActiveCfg = Debug|Win32
		{08DADAD4-FBD3-47D8-8D22-CE8270EE753C}.Debug|x86.Build.0 = Debug|Win32
		{08DADAD4-FBD3-47D8-8D22-CE8270EE753C}.Release|x64.ActiveCfg = Release|x64
		{08DADAD4-FBD3-47D8-8D22-CE8270EE753C}.Release|x64.Build.0 = Release|x64
		{08DADAD4-FBD3-47D8-8D22-CE8270EE753C}.Release|x86.ActiveCfg = Release|Win32
		{08DADAD4-FBD3-47D8-8D22-CE8270EE753C}.Release|x86.Build.0 = Release|Win32
	EndGlobalSection
	GlobalSection(SolutionProperties) = preSolution
		HideSolutionNode = FALSE
	EndGlobalSection
	GlobalSection(ExtensibilityGlobals) = postSolution
		SolutionGuid = {A1D20BE6-A9F0-43BD-8701-63B471623D7E}
	EndGlobalSection
EndGlobal
