Microsoft Visual Studio Solution File, Format Version 12.00
# Visual Studio Version 16
VisualStudioVersion = 16.0.29905.134
MinimumVisualStudioVersion = 10.0.40219.1
Project("{8BC9CEB8-8B4A-11D0-8D11-00A0C91BC942}") = "C110MID02Q01", "C110MID02Q01\C110MID02Q01.vcxproj", "{7E7F1CEB-35F1-4B5B-9FBA-0CBDE94A1151}"
EndProject
Project("{8BC9CEB8-8B4A-11D0-8D11-00A0C91BC942}") = "C110MID02Q02", "C110MID02Q02\C110MID02Q02.vcxproj", "{254415C7-EEA8-4BF4-94AC-8314B1462882}"
EndProject
Project("{8BC9CEB8-8B4A-11D0-8D11-00A0C91BC942}") = "C110MID02Q03", "C110MID02Q03\C110MID02Q03.vcxproj", "{59400601-C308-42EB-87E3-0C1CCA323450}"
EndProject
Project("{8BC9CEB8-8B4A-11D0-8D11-00A0C91BC942}") = "C110MID02Q04", "C110MID02Q04\C110MID02Q04.vcxproj", "{CA108CDC-8D05-4D58-A15C-2B8E0E2ACA6D}"
EndProject
Project("{8BC9CEB8-8B4A-11D0-8D11-00A0C91BC942}") = "C110MID02Q05", "C110MID02Q05\C110MID02Q05.vcxproj", "{08D9BEF2-5B3A-4FA3-88AE-A861B735004C}"
EndProject
Project("{8BC9CEB8-8B4A-11D0-8D11-00A0C91BC942}") = "C110MID02Q06", "C110MID02Q06\C110MID02Q06.vcxproj", "{38CF022B-3232-45E2-98B4-0AE86902EAFB}"
EndProject
Global
	GlobalSection(SolutionConfigurationPlatforms) = preSolution
		Debug|x64 = Debug|x64
		Debug|x86 = Debug|x86
		Release|x64 = Release|x64
		Release|x86 = Release|x86
	EndGlobalSection
	GlobalSection(ProjectConfigurationPlatforms) = postSolution
		{7E7F1CEB-35F1-4B5B-9FBA-0CBDE94A1151}.Debug|x64.ActiveCfg = Debug|x64
		{7E7F1CEB-35F1-4B5B-9FBA-0CBDE94A1151}.Debug|x64.Build.0 = Debug|x64
		{7E7F1CEB-35F1-4B5B-9FBA-0CBDE94A1151}.Debug|x86.ActiveCfg = Debug|Win32
		{7E7F1CEB-35F1-4B5B-9FBA-0CBDE94A1151}.Debug|x86.Build.0 = Debug|Win32
		{7E7F1CEB-35F1-4B5B-9FBA-0CBDE94A1151}.Release|x64.ActiveCfg = Release|x64
		{7E7F1CEB-35F1-4B5B-9FBA-0CBDE94A1151}.Release|x64.Build.0 = Release|x64
		{7E7F1CEB-35F1-4B5B-9FBA-0CBDE94A1151}.Release|x86.ActiveCfg = Release|Win32
		{7E7F1CEB-35F1-4B5B-9FBA-0CBDE94A1151}.Release|x86.Build.0 = Release|Win32
		{254415C7-EEA8-4BF4-94AC-8314B1462882}.Debug|x64.ActiveCfg = Debug|x64
		{254415C7-EEA8-4BF4-94AC-8314B1462882}.Debug|x64.Build.0 = Debug|x64
		{254415C7-EEA8-4BF4-94AC-8314B1462882}.Debug|x86.ActiveCfg = Debug|Win32
		{254415C7-EEA8-4BF4-94AC-8314B1462882}.Debug|x86.Build.0 = Debug|Win32
		{254415C7-EEA8-4BF4-94AC-8314B1462882}.Release|x64.ActiveCfg = Release|x64
		{254415C7-EEA8-4BF4-94AC-8314B1462882}.Release|x64.Build.0 = Release|x64
		{254415C7-EEA8-4BF4-94AC-8314B1462882}.Release|x86.ActiveCfg = Release|Win32
		{254415C7-EEA8-4BF4-94AC-8314B1462882}.Release|x86.Build.0 = Release|Win32
		{59400601-C308-42EB-87E3-0C1CCA323450}.Debug|x64.ActiveCfg = Debug|x64
		{59400601-C308-42EB-87E3-0C1CCA323450}.Debug|x64.Build.0 = Debug|x64
		{59400601-C308-42EB-87E3-0C1CCA323450}.Debug|x86.ActiveCfg = Debug|Win32
		{59400601-C308-42EB-87E3-0C1CCA323450}.Debug|x86.Build.0 = Debug|Win32
		{59400601-C308-42EB-87E3-0C1CCA323450}.Release|x64.ActiveCfg = Release|x64
		{59400601-C308-42EB-87E3-0C1CCA323450}.Release|x64.Build.0 = Release|x64
		{59400601-C308-42EB-87E3-0C1CCA323450}.Release|x86.ActiveCfg = Release|Win32
		{59400601-C308-42EB-87E3-0C1CCA323450}.Release|x86.Build.0 = Release|Win32
		{CA108CDC-8D05-4D58-A15C-2B8E0E2ACA6D}.Debug|x64.ActiveCfg = Debug|x64
		{CA108CDC-8D05-4D58-A15C-2B8E0E2ACA6D}.Debug|x64.Build.0 = Debug|x64
		{CA108CDC-8D05-4D58-A15C-2B8E0E2ACA6D}.Debug|x86.ActiveCfg = Debug|Win32
		{CA108CDC-8D05-4D58-A15C-2B8E0E2ACA6D}.Debug|x86.Build.0 = Debug|Win32
		{CA108CDC-8D05-4D58-A15C-2B8E0E2ACA6D}.Release|x64.ActiveCfg = Release|x64
		{CA108CDC-8D05-4D58-A15C-2B8E0E2ACA6D}.Release|x64.Build.0 = Release|x64
		{CA108CDC-8D05-4D58-A15C-2B8E0E2ACA6D}.Release|x86.ActiveCfg = Release|Win32
		{CA108CDC-8D05-4D58-A15C-2B8E0E2ACA6D}.Release|x86.Build.0 = Release|Win32
		{08D9BEF2-5B3A-4FA3-88AE-A861B735004C}.Debug|x64.ActiveCfg = Debug|x64
		{08D9BEF2-5B3A-4FA3-88AE-A861B735004C}.Debug|x64.Build.0 = Debug|x64
		{08D9BEF2-5B3A-4FA3-88AE-A861B735004C}.Debug|x86.ActiveCfg = Debug|Win32
		{08D9BEF2-5B3A-4FA3-88AE-A861B735004C}.Debug|x86.Build.0 = Debug|Win32
		{08D9BEF2-5B3A-4FA3-88AE-A861B735004C}.Release|x64.ActiveCfg = Release|x64
		{08D9BEF2-5B3A-4FA3-88AE-A861B735004C}.Release|x64.Build.0 = Release|x64
		{08D9BEF2-5B3A-4FA3-88AE-A861B735004C}.Release|x86.ActiveCfg = Release|Win32
		{08D9BEF2-5B3A-4FA3-88AE-A861B735004C}.Release|x86.Build.0 = Release|Win32
		{38CF022B-3232-45E2-98B4-0AE86902EAFB}.Debug|x64.ActiveCfg = Debug|x64
		{38CF022B-3232-45E2-98B4-0AE86902EAFB}.Debug|x64.Build.0 = Debug|x64
		{38CF022B-3232-45E2-98B4-0AE86902EAFB}.Debug|x86.ActiveCfg = Debug|Win32
		{38CF022B-3232-45E2-98B4-0AE86902EAFB}.Debug|x86.Build.0 = Debug|Win32
		{38CF022B-3232-45E2-98B4-0AE86902EAFB}.Release|x64.ActiveCfg = Release|x64
		{38CF022B-3232-45E2-98B4-0AE86902EAFB}.Release|x64.Build.0 = Release|x64
		{38CF022B-3232-45E2-98B4-0AE86902EAFB}.Release|x86.ActiveCfg = Release|Win32
		{38CF022B-3232-45E2-98B4-0AE86902EAFB}.Release|x86.Build.0 = Release|Win32
	EndGlobalSection
	GlobalSection(SolutionProperties) = preSolution
		HideSolutionNode = FALSE
	EndGlobalSection
	GlobalSection(ExtensibilityGlobals) = postSolution
		SolutionGuid = {3A0912E4-1BF4-4451-8B4A-4D0A6CC4101A}
	EndGlobalSection
EndGlobal
