Microsoft Visual Studio Solution File, Format Version 12.00
# Visual Studio Version 16
VisualStudioVersion = 16.0.29905.134
MinimumVisualStudioVersion = 10.0.40219.1
Project("{8BC9CEB8-8B4A-11D0-8D11-00A0C91BC942}") = "C111FINALQ01", "C111FINALQ01\C111FINALQ01.vcxproj", "{094636B3-0818-468F-A0F4-E47FB923BEE4}"
EndProject
Project("{8BC9CEB8-8B4A-11D0-8D11-00A0C91BC942}") = "C111FINALQ02", "C111FINALQ02\C111FINALQ02.vcxproj", "{B151D382-F553-4EE1-8958-089017D111A2}"
EndProject
Project("{8BC9CEB8-8B4A-11D0-8D11-00A0C91BC942}") = "C111FINALQ03", "C111FINALQ03\C111FINALQ03.vcxproj", "{12250608-E7E5-4033-BCA7-E39F91FF40C9}"
EndProject
Project("{8BC9CEB8-8B4A-11D0-8D11-00A0C91BC942}") = "C111FINALQ04", "C111FINALQ04\C111FINALQ04.vcxproj", "{D050D6B9-C6AE-4732-A72B-722FB7DC40C8}"
EndProject
Project("{8BC9CEB8-8B4A-11D0-8D11-00A0C91BC942}") = "C111FINALQ05", "C111FINALQ05\C111FINALQ05.vcxproj", "{8C1D4B3D-624B-44B6-A05F-4B0643FC4A2F}"
EndProject
Global
	GlobalSection(SolutionConfigurationPlatforms) = preSolution
		Debug|x64 = Debug|x64
		Debug|x86 = Debug|x86
		Release|x64 = Release|x64
		Release|x86 = Release|x86
	EndGlobalSection
	GlobalSection(ProjectConfigurationPlatforms) = postSolution
		{094636B3-0818-468F-A0F4-E47FB923BEE4}.Debug|x64.ActiveCfg = Debug|x64
		{094636B3-0818-468F-A0F4-E47FB923BEE4}.Debug|x64.Build.0 = Debug|x64
		{094636B3-0818-468F-A0F4-E47FB923BEE4}.Debug|x86.ActiveCfg = Debug|Win32
		{094636B3-0818-468F-A0F4-E47FB923BEE4}.Debug|x86.Build.0 = Debug|Win32
		{094636B3-0818-468F-A0F4-E47FB923BEE4}.Release|x64.ActiveCfg = Release|x64
		{094636B3-0818-468F-A0F4-E47FB923BEE4}.Release|x64.Build.0 = Release|x64
		{094636B3-0818-468F-A0F4-E47FB923BEE4}.Release|x86.ActiveCfg = Release|Win32
		{094636B3-0818-468F-A0F4-E47FB923BEE4}.Release|x86.Build.0 = Release|Win32
		{B151D382-F553-4EE1-8958-089017D111A2}.Debug|x64.ActiveCfg = Debug|x64
		{B151D382-F553-4EE1-8958-089017D111A2}.Debug|x64.Build.0 = Debug|x64
		{B151D382-F553-4EE1-8958-089017D111A2}.Debug|x86.ActiveCfg = Debug|Win32
		{B151D382-F553-4EE1-8958-089017D111A2}.Debug|x86.Build.0 = Debug|Win32
		{B151D382-F553-4EE1-8958-089017D111A2}.Release|x64.ActiveCfg = Release|x64
		{B151D382-F553-4EE1-8958-089017D111A2}.Release|x64.Build.0 = Release|x64
		{B151D382-F553-4EE1-8958-089017D111A2}.Release|x86.ActiveCfg = Release|Win32
		{B151D382-F553-4EE1-8958-089017D111A2}.Release|x86.Build.0 = Release|Win32
		{12250608-E7E5-4033-BCA7-E39F91FF40C9}.Debug|x64.ActiveCfg = Debug|x64
		{12250608-E7E5-4033-BCA7-E39F91FF40C9}.Debug|x64.Build.0 = Debug|x64
		{12250608-E7E5-4033-BCA7-E39F91FF40C9}.Debug|x86.ActiveCfg = Debug|Win32
		{12250608-E7E5-4033-BCA7-E39F91FF40C9}.Debug|x86.Build.0 = Debug|Win32
		{12250608-E7E5-4033-BCA7-E39F91FF40C9}.Release|x64.ActiveCfg = Release|x64
		{12250608-E7E5-4033-BCA7-E39F91FF40C9}.Release|x64.Build.0 = Release|x64
		{12250608-E7E5-4033-BCA7-E39F91FF40C9}.Release|x86.ActiveCfg = Release|Win32
		{12250608-E7E5-4033-BCA7-E39F91FF40C9}.Release|x86.Build.0 = Release|Win32
		{D050D6B9-C6AE-4732-A72B-722FB7DC40C8}.Debug|x64.ActiveCfg = Debug|x64
		{D050D6B9-C6AE-4732-A72B-722FB7DC40C8}.Debug|x64.Build.0 = Debug|x64
		{D050D6B9-C6AE-4732-A72B-722FB7DC40C8}.Debug|x86.ActiveCfg = Debug|Win32
		{D050D6B9-C6AE-4732-A72B-722FB7DC40C8}.Debug|x86.Build.0 = Debug|Win32
		{D050D6B9-C6AE-4732-A72B-722FB7DC40C8}.Release|x64.ActiveCfg = Release|x64
		{D050D6B9-C6AE-4732-A72B-722FB7DC40C8}.Release|x64.Build.0 = Release|x64
		{D050D6B9-C6AE-4732-A72B-722FB7DC40C8}.Release|x86.ActiveCfg = Release|Win32
		{D050D6B9-C6AE-4732-A72B-722FB7DC40C8}.Release|x86.Build.0 = Release|Win32
		{8C1D4B3D-624B-44B6-A05F-4B0643FC4A2F}.Debug|x64.ActiveCfg = Debug|x64
		{8C1D4B3D-624B-44B6-A05F-4B0643FC4A2F}.Debug|x64.Build.0 = Debug|x64
		{8C1D4B3D-624B-44B6-A05F-4B0643FC4A2F}.Debug|x86.ActiveCfg = Debug|Win32
		{8C1D4B3D-624B-44B6-A05F-4B0643FC4A2F}.Debug|x86.Build.0 = Debug|Win32
		{8C1D4B3D-624B-44B6-A05F-4B0643FC4A2F}.Release|x64.ActiveCfg = Release|x64
		{8C1D4B3D-624B-44B6-A05F-4B0643FC4A2F}.Release|x64.Build.0 = Release|x64
		{8C1D4B3D-624B-44B6-A05F-4B0643FC4A2F}.Release|x86.ActiveCfg = Release|Win32
		{8C1D4B3D-624B-44B6-A05F-4B0643FC4A2F}.Release|x86.Build.0 = Release|Win32
	EndGlobalSection
	GlobalSection(SolutionProperties) = preSolution
		HideSolutionNode = FALSE
	EndGlobalSection
	GlobalSection(ExtensibilityGlobals) = postSolution
		SolutionGuid = {1D8CC617-E842-498A-8915-6949D357D539}
	EndGlobalSection
EndGlobal
