Microsoft Visual Studio Solution File, Format Version 12.00
# Visual Studio Version 16
VisualStudioVersion = 16.0.29905.134
MinimumVisualStudioVersion = 10.0.40219.1
Project("{8BC9CEB8-8B4A-11D0-8D11-00A0C91BC942}") = "C109MID01Q01", "C109MID01Q01\C109MID01Q01.vcxproj", "{0C786B00-8934-468D-9B9F-6D62CDF73B83}"
EndProject
Project("{8BC9CEB8-8B4A-11D0-8D11-00A0C91BC942}") = "C109MID01Q02", "C109MID01Q02\C109MID01Q02.vcxproj", "{46CAF14B-4352-4B64-8254-853C79C65343}"
EndProject
Project("{8BC9CEB8-8B4A-11D0-8D11-00A0C91BC942}") = "C109MID01Q03", "C109MID01Q03\C109MID01Q03.vcxproj", "{0906233F-59B2-4349-A4E1-8B1FB5F3FF40}"
EndProject
Project("{8BC9CEB8-8B4A-11D0-8D11-00A0C91BC942}") = "C109MID01Q04", "C109MID01Q04\C109MID01Q04.vcxproj", "{3BAF4F6B-3ACE-418E-BE10-4BF0EF681F3F}"
EndProject
Project("{8BC9CEB8-8B4A-11D0-8D11-00A0C91BC942}") = "C109MID01Q05", "C109MID01Q05\C109MID01Q05.vcxproj", "{41B358C5-80B6-4F11-AF44-7B1932F3387B}"
EndProject
Project("{8BC9CEB8-8B4A-11D0-8D11-00A0C91BC942}") = "C109MID01Q06", "C109MID01Q06\C109MID01Q06.vcxproj", "{8C7A35F0-527A-429E-BCFD-A49594A21DEA}"
EndProject
Project("{8BC9CEB8-8B4A-11D0-8D11-00A0C91BC942}") = "C109MID01Q07", "C109MID01Q07\C109MID01Q07.vcxproj", "{F202792B-9925-4F38-AFB7-B7E3E6AE61C5}"
EndProject
Global
	GlobalSection(SolutionConfigurationPlatforms) = preSolution
		Debug|x64 = Debug|x64
		Debug|x86 = Debug|x86
		Release|x64 = Release|x64
		Release|x86 = Release|x86
	EndGlobalSection
	GlobalSection(ProjectConfigurationPlatforms) = postSolution
		{0C786B00-8934-468D-9B9F-6D62CDF73B83}.Debug|x64.ActiveCfg = Debug|x64
		{0C786B00-8934-468D-9B9F-6D62CDF73B83}.Debug|x64.Build.0 = Debug|x64
		{0C786B00-8934-468D-9B9F-6D62CDF73B83}.Debug|x86.ActiveCfg = Debug|Win32
		{0C786B00-8934-468D-9B9F-6D62CDF73B83}.Debug|x86.Build.0 = Debug|Win32
		{0C786B00-8934-468D-9B9F-6D62CDF73B83}.Release|x64.ActiveCfg = Release|x64
		{0C786B00-8934-468D-9B9F-6D62CDF73B83}.Release|x64.Build.0 = Release|x64
		{0C786B00-8934-468D-9B9F-6D62CDF73B83}.Release|x86.ActiveCfg = Release|Win32
		{0C786B00-8934-468D-9B9F-6D62CDF73B83}.Release|x86.Build.0 = Release|Win32
		{46CAF14B-4352-4B64-8254-853C79C65343}.Debug|x64.ActiveCfg = Debug|x64
		{46CAF14B-4352-4B64-8254-853C79C65343}.Debug|x64.Build.0 = Debug|x64
		{46CAF14B-4352-4B64-8254-853C79C65343}.Debug|x86.ActiveCfg = Debug|Win32
		{46CAF14B-4352-4B64-8254-853C79C65343}.Debug|x86.Build.0 = Debug|Win32
		{46CAF14B-4352-4B64-8254-853C79C65343}.Release|x64.ActiveCfg = Release|x64
		{46CAF14B-4352-4B64-8254-853C79C65343}.Release|x64.Build.0 = Release|x64
		{46CAF14B-4352-4B64-8254-853C79C65343}.Release|x86.ActiveCfg = Release|Win32
		{46CAF14B-4352-4B64-8254-853C79C65343}.Release|x86.Build.0 = Release|Win32
		{0906233F-59B2-4349-A4E1-8B1FB5F3FF40}.Debug|x64.ActiveCfg = Debug|x64
		{0906233F-59B2-4349-A4E1-8B1FB5F3FF40}.Debug|x64.Build.0 = Debug|x64
		{0906233F-59B2-4349-A4E1-8B1FB5F3FF40}.Debug|x86.ActiveCfg = Debug|Win32
		{0906233F-59B2-4349-A4E1-8B1FB5F3FF40}.Debug|x86.Build.0 = Debug|Win32
		{0906233F-59B2-4349-A4E1-8B1FB5F3FF40}.Release|x64.ActiveCfg = Release|x64
		{0906233F-59B2-4349-A4E1-8B1FB5F3FF40}.Release|x64.Build.0 = Release|x64
		{0906233F-59B2-4349-A4E1-8B1FB5F3FF40}.Release|x86.ActiveCfg = Release|Win32
		{0906233F-59B2-4349-A4E1-8B1FB5F3FF40}.Release|x86.Build.0 = Release|Win32
		{3BAF4F6B-3ACE-418E-BE10-4BF0EF681F3F}.Debug|x64.ActiveCfg = Debug|x64
		{3BAF4F6B-3ACE-418E-BE10-4BF0EF681F3F}.Debug|x64.Build.0 = Debug|x64
		{3BAF4F6B-3ACE-418E-BE10-4BF0EF681F3F}.Debug|x86.ActiveCfg = Debug|Win32
		{3BAF4F6B-3ACE-418E-BE10-4BF0EF681F3F}.Debug|x86.Build.0 = Debug|Win32
		{3BAF4F6B-3ACE-418E-BE10-4BF0EF681F3F}.Release|x64.ActiveCfg = Release|x64
		{3BAF4F6B-3ACE-418E-BE10-4BF0EF681F3F}.Release|x64.Build.0 = Release|x64
		{3BAF4F6B-3ACE-418E-BE10-4BF0EF681F3F}.Release|x86.ActiveCfg = Release|Win32
		{3BAF4F6B-3ACE-418E-BE10-4BF0EF681F3F}.Release|x86.Build.0 = Release|Win32
		{41B358C5-80B6-4F11-AF44-7B1932F3387B}.Debug|x64.ActiveCfg = Debug|x64
		{41B358C5-80B6-4F11-AF44-7B1932F3387B}.Debug|x64.Build.0 = Debug|x64
		{41B358C5-80B6-4F11-AF44-7B1932F3387B}.Debug|x86.ActiveCfg = Debug|Win32
		{41B358C5-80B6-4F11-AF44-7B1932F3387B}.Debug|x86.Build.0 = Debug|Win32
		{41B358C5-80B6-4F11-AF44-7B1932F3387B}.Release|x64.ActiveCfg = Release|x64
		{41B358C5-80B6-4F11-AF44-7B1932F3387B}.Release|x64.Build.0 = Release|x64
		{41B358C5-80B6-4F11-AF44-7B1932F3387B}.Release|x86.ActiveCfg = Release|Win32
		{41B358C5-80B6-4F11-AF44-7B1932F3387B}.Release|x86.Build.0 = Release|Win32
		{8C7A35F0-527A-429E-BCFD-A49594A21DEA}.Debug|x64.ActiveCfg = Debug|x64
		{8C7A35F0-527A-429E-BCFD-A49594A21DEA}.Debug|x64.Build.0 = Debug|x64
		{8C7A35F0-527A-429E-BCFD-A49594A21DEA}.Debug|x86.ActiveCfg = Debug|Win32
		{8C7A35F0-527A-429E-BCFD-A49594A21DEA}.Debug|x86.Build.0 = Debug|Win32
		{8C7A35F0-527A-429E-BCFD-A49594A21DEA}.Release|x64.ActiveCfg = Release|x64
		{8C7A35F0-527A-429E-BCFD-A49594A21DEA}.Release|x64.Build.0 = Release|x64
		{8C7A35F0-527A-429E-BCFD-A49594A21DEA}.Release|x86.ActiveCfg = Release|Win32
		{8C7A35F0-527A-429E-BCFD-A49594A21DEA}.Release|x86.Build.0 = Release|Win32
		{F202792B-9925-4F38-AFB7-B7E3E6AE61C5}.Debug|x64.ActiveCfg = Debug|x64
		{F202792B-9925-4F38-AFB7-B7E3E6AE61C5}.Debug|x64.Build.0 = Debug|x64
		{F202792B-9925-4F38-AFB7-B7E3E6AE61C5}.Debug|x86.ActiveCfg = Debug|Win32
		{F202792B-9925-4F38-AFB7-B7E3E6AE61C5}.Debug|x86.Build.0 = Debug|Win32
		{F202792B-9925-4F38-AFB7-B7E3E6AE61C5}.Release|x64.ActiveCfg = Release|x64
		{F202792B-9925-4F38-AFB7-B7E3E6AE61C5}.Release|x64.Build.0 = Release|x64
		{F202792B-9925-4F38-AFB7-B7E3E6AE61C5}.Release|x86.ActiveCfg = Release|Win32
		{F202792B-9925-4F38-AFB7-B7E3E6AE61C5}.Release|x86.Build.0 = Release|Win32
	EndGlobalSection
	GlobalSection(SolutionProperties) = preSolution
		HideSolutionNode = FALSE
	EndGlobalSection
	GlobalSection(ExtensibilityGlobals) = postSolution
		SolutionGuid = {48BE22E6-D7E2-497E-947A-22122816AF64}
	EndGlobalSection
EndGlobal
