Microsoft Visual Studio Solution File, Format Version 12.00
# Visual Studio Version 16
VisualStudioVersion = 16.0.29905.134
MinimumVisualStudioVersion = 10.0.40219.1
Project("{8BC9CEB8-8B4A-11D0-8D11-00A0C91BC942}") = "C109MID02Q01", "C109MID02Q01\C109MID02Q01.vcxproj", "{C077CD9A-60D7-4D90-B015-36A54BCB18EE}"
EndProject
Project("{8BC9CEB8-8B4A-11D0-8D11-00A0C91BC942}") = "C109MID02Q02", "C109MID02Q02\C109MID02Q02.vcxproj", "{4D163686-8458-498A-92E9-F5C9B4D18B70}"
EndProject
Project("{8BC9CEB8-8B4A-11D0-8D11-00A0C91BC942}") = "C109MID02Q03", "C109MID02Q03\C109MID02Q03.vcxproj", "{ED7E6C70-0C21-41AD-A89C-BB68E019FDAC}"
EndProject
Project("{8BC9CEB8-8B4A-11D0-8D11-00A0C91BC942}") = "C109MID02Q04", "C109MID02Q04\C109MID02Q04.vcxproj", "{9F69B075-3ED3-4A62-A884-D83FF1E3BC38}"
EndProject
Project("{8BC9CEB8-8B4A-11D0-8D11-00A0C91BC942}") = "C109MID02Q05", "C109MID02Q05\C109MID02Q05.vcxproj", "{5F19BE11-D20E-4B38-99D7-5BFE76191870}"
EndProject
Project("{8BC9CEB8-8B4A-11D0-8D11-00A0C91BC942}") = "C109MID02Q06", "C109MID02Q06\C109MID02Q06.vcxproj", "{D8182687-61B8-4044-8A19-C3407ABAD3B8}"
EndProject
Global
	GlobalSection(SolutionConfigurationPlatforms) = preSolution
		Debug|x64 = Debug|x64
		Debug|x86 = Debug|x86
		Release|x64 = Release|x64
		Release|x86 = Release|x86
	EndGlobalSection
	GlobalSection(ProjectConfigurationPlatforms) = postSolution
		{C077CD9A-60D7-4D90-B015-36A54BCB18EE}.Debug|x64.ActiveCfg = Debug|x64
		{C077CD9A-60D7-4D90-B015-36A54BCB18EE}.Debug|x64.Build.0 = Debug|x64
		{C077CD9A-60D7-4D90-B015-36A54BCB18EE}.Debug|x86.ActiveCfg = Debug|Win32
		{C077CD9A-60D7-4D90-B015-36A54BCB18EE}.Debug|x86.Build.0 = Debug|Win32
		{C077CD9A-60D7-4D90-B015-36A54BCB18EE}.Release|x64.ActiveCfg = Release|x64
		{C077CD9A-60D7-4D90-B015-36A54BCB18EE}.Release|x64.Build.0 = Release|x64
		{C077CD9A-60D7-4D90-B015-36A54BCB18EE}.Release|x86.ActiveCfg = Release|Win32
		{C077CD9A-60D7-4D90-B015-36A54BCB18EE}.Release|x86.Build.0 = Release|Win32
		{4D163686-8458-498A-92E9-F5C9B4D18B70}.Debug|x64.ActiveCfg = Debug|x64
		{4D163686-8458-498A-92E9-F5C9B4D18B70}.Debug|x64.Build.0 = Debug|x64
		{4D163686-8458-498A-92E9-F5C9B4D18B70}.Debug|x86.ActiveCfg = Debug|Win32
		{4D163686-8458-498A-92E9-F5C9B4D18B70}.Debug|x86.Build.0 = Debug|Win32
		{4D163686-8458-498A-92E9-F5C9B4D18B70}.Release|x64.ActiveCfg = Release|x64
		{4D163686-8458-498A-92E9-F5C9B4D18B70}.Release|x64.Build.0 = Release|x64
		{4D163686-8458-498A-92E9-F5C9B4D18B70}.Release|x86.ActiveCfg = Release|Win32
		{4D163686-8458-498A-92E9-F5C9B4D18B70}.Release|x86.Build.0 = Release|Win32
		{ED7E6C70-0C21-41AD-A89C-BB68E019FDAC}.Debug|x64.ActiveCfg = Debug|x64
		{ED7E6C70-0C21-41AD-A89C-BB68E019FDAC}.Debug|x64.Build.0 = Debug|x64
		{ED7E6C70-0C21-41AD-A89C-BB68E019FDAC}.Debug|x86.ActiveCfg = Debug|Win32
		{ED7E6C70-0C21-41AD-A89C-BB68E019FDAC}.Debug|x86.Build.0 = Debug|Win32
		{ED7E6C70-0C21-41AD-A89C-BB68E019FDAC}.Release|x64.ActiveCfg = Release|x64
		{ED7E6C70-0C21-41AD-A89C-BB68E019FDAC}.Release|x64.Build.0 = Release|x64
		{ED7E6C70-0C21-41AD-A89C-BB68E019FDAC}.Release|x86.ActiveCfg = Release|Win32
		{ED7E6C70-0C21-41AD-A89C-BB68E019FDAC}.Release|x86.Build.0 = Release|Win32
		{9F69B075-3ED3-4A62-A884-D83FF1E3BC38}.Debug|x64.ActiveCfg = Debug|x64
		{9F69B075-3ED3-4A62-A884-D83FF1E3BC38}.Debug|x64.Build.0 = Debug|x64
		{9F69B075-3ED3-4A62-A884-D83FF1E3BC38}.Debug|x86.ActiveCfg = Debug|Win32
		{9F69B075-3ED3-4A62-A884-D83FF1E3BC38}.Debug|x86.Build.0 = Debug|Win32
		{9F69B075-3ED3-4A62-A884-D83FF1E3BC38}.Release|x64.ActiveCfg = Release|x64
		{9F69B075-3ED3-4A62-A884-D83FF1E3BC38}.Release|x64.Build.0 = Release|x64
		{9F69B075-3ED3-4A62-A884-D83FF1E3BC38}.Release|x86.ActiveCfg = Release|Win32
		{9F69B075-3ED3-4A62-A884-D83FF1E3BC38}.Release|x86.Build.0 = Release|Win32
		{5F19BE11-D20E-4B38-99D7-5BFE76191870}.Debug|x64.ActiveCfg = Debug|x64
		{5F19BE11-D20E-4B38-99D7-5BFE76191870}.Debug|x64.Build.0 = Debug|x64
		{5F19BE11-D20E-4B38-99D7-5BFE76191870}.Debug|x86.ActiveCfg = Debug|Win32
		{5F19BE11-D20E-4B38-99D7-5BFE76191870}.Debug|x86.Build.0 = Debug|Win32
		{5F19BE11-D20E-4B38-99D7-5BFE76191870}.Release|x64.ActiveCfg = Release|x64
		{5F19BE11-D20E-4B38-99D7-5BFE76191870}.Release|x64.Build.0 = Release|x64
		{5F19BE11-D20E-4B38-99D7-5BFE76191870}.Release|x86.ActiveCfg = Release|Win32
		{5F19BE11-D20E-4B38-99D7-5BFE76191870}.Release|x86.Build.0 = Release|Win32
		{D8182687-61B8-4044-8A19-C3407ABAD3B8}.Debug|x64.ActiveCfg = Debug|x64
		{D8182687-61B8-4044-8A19-C3407ABAD3B8}.Debug|x64.Build.0 = Debug|x64
		{D8182687-61B8-4044-8A19-C3407ABAD3B8}.Debug|x86.ActiveCfg = Debug|Win32
		{D8182687-61B8-4044-8A19-C3407ABAD3B8}.Debug|x86.Build.0 = Debug|Win32
		{D8182687-61B8-4044-8A19-C3407ABAD3B8}.Release|x64.ActiveCfg = Release|x64
		{D8182687-61B8-4044-8A19-C3407ABAD3B8}.Release|x64.Build.0 = Release|x64
		{D8182687-61B8-4044-8A19-C3407ABAD3B8}.Release|x86.ActiveCfg = Release|Win32
		{D8182687-61B8-4044-8A19-C3407ABAD3B8}.Release|x86.Build.0 = Release|Win32
	EndGlobalSection
	GlobalSection(SolutionProperties) = preSolution
		HideSolutionNode = FALSE
	EndGlobalSection
	GlobalSection(ExtensibilityGlobals) = postSolution
		SolutionGuid = {F7773CE0-9C17-4A7A-80A6-232B3929F2E7}
	EndGlobalSection
EndGlobal
